
Microsoft Visual Studio Solution File, Format Version 12.00
Project("{FAE04EC0-301F-11D3-BF4B-00C04F79EFBC}") = "Microsoft.Health.Fhir.Extensions", "src\Microsoft.Health.Fhir.Extensions\Microsoft.Health.Fhir.Extensions.csproj", "{B468660F-D902-42CC-A4A5-E581233D6BDF}"
EndProject
Project("{FAE04EC0-301F-11D3-BF4B-00C04F79EFBC}") = "Microsoft.Health.Fhir.Extensions.Tests", "src\Microsoft.Health.Fhir.Extensions.Tests\Microsoft.Health.Fhir.Extensions.Tests.csproj", "{B7426A7B-B6DA-4DAB-AC94-79D6C1307A0C}"
EndProject
Project("{FAE04EC0-301F-11D3-BF4B-00C04F79EFBC}") = "Microsoft.Health.Fhir.Search.Extensions", "src\Microsoft.Health.Fhir.Search.Extensions\Microsoft.Health.Fhir.Search.Extensions.csproj", "{2BCA3870-B234-4B76-BFB8-AABA31DF6265}"
EndProject
Project("{FAE04EC0-301F-11D3-BF4B-00C04F79EFBC}") = "Microsoft.Health.Fhir.Specification.Extensions", "src\Microsoft.Health.Fhir.Specification.Extensions\Microsoft.Health.Fhir.Specification.Extensions.csproj", "{C86CD5E1-C9FA-40EE-875D-68727C5AC4CD}"
EndProject
Project("{2150E333-8FDC-42A3-9474-1A3956D46DE8}") = "Base", "Base", "{895D8F87-191B-4444-9069-D9E31B981B63}"
EndProject
Project("{2150E333-8FDC-42A3-9474-1A3956D46DE8}") = "Server", "Server", "{28CBF0D6-DE5F-472D-8C0D-9494DA7A0264}"
EndProject
Project("{FAE04EC0-301F-11D3-BF4B-00C04F79EFBC}") = "Microsoft.Health.Fhir.SourceNodeSerialization", "src\Microsoft.Health.Fhir.SourceNodeSerialization\Microsoft.Health.Fhir.SourceNodeSerialization.csproj", "{44B34476-A977-4F65-9576-0102627B8498}"
EndProject
Global
	GlobalSection(SolutionConfigurationPlatforms) = preSolution
		Debug|Any CPU = Debug|Any CPU
		Release|Any CPU = Release|Any CPU
	EndGlobalSection
	GlobalSection(ProjectConfigurationPlatforms) = postSolution
		{B468660F-D902-42CC-A4A5-E581233D6BDF}.Debug|Any CPU.ActiveCfg = Debug|Any CPU
		{B468660F-D902-42CC-A4A5-E581233D6BDF}.Debug|Any CPU.Build.0 = Debug|Any CPU
		{B468660F-D902-42CC-A4A5-E581233D6BDF}.Release|Any CPU.ActiveCfg = Release|Any CPU
		{B468660F-D902-42CC-A4A5-E581233D6BDF}.Release|Any CPU.Build.0 = Release|Any CPU
		{B7426A7B-B6DA-4DAB-AC94-79D6C1307A0C}.Debug|Any CPU.ActiveCfg = Debug|Any CPU
		{B7426A7B-B6DA-4DAB-AC94-79D6C1307A0C}.Debug|Any CPU.Build.0 = Debug|Any CPU
		{B7426A7B-B6DA-4DAB-AC94-79D6C1307A0C}.Release|Any CPU.ActiveCfg = Release|Any CPU
		{B7426A7B-B6DA-4DAB-AC94-79D6C1307A0C}.Release|Any CPU.Build.0 = Release|Any CPU
		{2BCA3870-B234-4B76-BFB8-AABA31DF6265}.Debug|Any CPU.ActiveCfg = Debug|Any CPU
		{2BCA3870-B234-4B76-BFB8-AABA31DF6265}.Debug|Any CPU.Build.0 = Debug|Any CPU
		{2BCA3870-B234-4B76-BFB8-AABA31DF6265}.Release|Any CPU.ActiveCfg = Release|Any CPU
		{2BCA3870-B234-4B76-BFB8-AABA31DF6265}.Release|Any CPU.Build.0 = Release|Any CPU
		{C86CD5E1-C9FA-40EE-875D-68727C5AC4CD}.Debug|Any CPU.ActiveCfg = Debug|Any CPU
		{C86CD5E1-C9FA-40EE-875D-68727C5AC4CD}.Debug|Any CPU.Build.0 = Debug|Any CPU
		{C86CD5E1-C9FA-40EE-875D-68727C5AC4CD}.Release|Any CPU.ActiveCfg = Release|Any CPU
		{C86CD5E1-C9FA-40EE-875D-68727C5AC4CD}.Release|Any CPU.Build.0 = Release|Any CPU
		{44B34476-A977-4F65-9576-0102627B8498}.Debug|Any CPU.ActiveCfg = Debug|Any CPU
		{44B34476-A977-4F65-9576-0102627B8498}.Debug|Any CPU.Build.0 = Debug|Any CPU
		{44B34476-A977-4F65-9576-0102627B8498}.Release|Any CPU.ActiveCfg = Release|Any CPU
		{44B34476-A977-4F65-9576-0102627B8498}.Release|Any CPU.Build.0 = Release|Any CPU
	EndGlobalSection
	GlobalSection(NestedProjects) = preSolution
		{B468660F-D902-42CC-A4A5-E581233D6BDF} = {895D8F87-191B-4444-9069-D9E31B981B63}
		{B7426A7B-B6DA-4DAB-AC94-79D6C1307A0C} = {895D8F87-191B-4444-9069-D9E31B981B63}
		{2BCA3870-B234-4B76-BFB8-AABA31DF6265} = {895D8F87-191B-4444-9069-D9E31B981B63}
		{C86CD5E1-C9FA-40EE-875D-68727C5AC4CD} = {895D8F87-191B-4444-9069-D9E31B981B63}
		{44B34476-A977-4F65-9576-0102627B8498} = {895D8F87-191B-4444-9069-D9E31B981B63}
	EndGlobalSection
EndGlobal
